
Microsoft Visual Studio Solution File, Format Version 12.00
# Visual Studio Version 16
VisualStudioVersion = 16.0.808.2
MinimumVisualStudioVersion = 10.0.40219.1
Project("{FAE04EC0-301F-11D3-BF4B-00C04F79EFBC}") = "BakeryShoppingCart", "BakeryShoppingCart.csproj", "{8CE996FB-C548-4BAA-8E8D-29BA714FA8F8}"
EndProject
Global
	GlobalSection(SolutionConfigurationPlatforms) = preSolution
		Debug|Any CPU = Debug|Any CPU
		Release|Any CPU = Release|Any CPU
	EndGlobalSection
	GlobalSection(ProjectConfigurationPlatforms) = postSolution
		{8CE996FB-C548-4BAA-8E8D-29BA714FA8F8}.Debug|Any CPU.ActiveCfg = Debug|Any CPU
		{8CE996FB-C548-4BAA-8E8D-29BA714FA8F8}.Debug|Any CPU.Build.0 = Debug|Any CPU
		{8CE996FB-C548-4BAA-8E8D-29BA714FA8F8}.Release|Any CPU.ActiveCfg = Release|Any CPU
		{8CE996FB-C548-4BAA-8E8D-29BA714FA8F8}.Release|Any CPU.Build.0 = Release|Any CPU
	EndGlobalSection
	GlobalSection(SolutionProperties) = preSolution
		HideSolutionNode = FALSE
	EndGlobalSection
	GlobalSection(ExtensibilityGlobals) = postSolution
		SolutionGuid = {36EBE278-6EA3-4395-88D3-02C7C2E72BC4}
	EndGlobalSection
EndGlobal
